// !$*UTF8*$!
{
	archiveVersion = 1;
	classes = {
	};
	objectVersion = 46;
	objects = {

/* Begin PBXBuildFile section */
		79D7AD861803E25900EF7C0F /* CoreImage.framework in Frameworks */ = {isa = PBXBuildFile; fileRef = 79D7AD851803E25900EF7C0F /* CoreImage.framework */; };
		79D7AD881803E26D00EF7C0F /* QuartzCore.framework in Frameworks */ = {isa = PBXBuildFile; fileRef = 79D7AD871803E26D00EF7C0F /* QuartzCore.framework */; };
		79D7AD8A1803E28A00EF7C0F /* ImageIO.framework in Frameworks */ = {isa = PBXBuildFile; fileRef = 79D7AD891803E28A00EF7C0F /* ImageIO.framework */; };
		79D7AD901803E29C00EF7C0F /* PaperView.m in Sources */ = {isa = PBXBuildFile; fileRef = 79D7AD8E1803E29C00EF7C0F /* PaperView.m */; };
		79D7AD9318041BC000EF7C0F /* CATransform3DPerspect.m in Sources */ = {isa = PBXBuildFile; fileRef = 79D7AD9218041BC000EF7C0F /* CATransform3DPerspect.m */; };
		79E4CF2A1807EAE8000D2976 /* CoverOverlay.png in Resources */ = {isa = PBXBuildFile; fileRef = 79E4CF281807EAE8000D2976 /* CoverOverlay.png */; };
		79E4CF2B1807EAE8000D2976 /* CoverOverlay@2x.png in Resources */ = {isa = PBXBuildFile; fileRef = 79E4CF291807EAE8000D2976 /* CoverOverlay@2x.png */; };
		79EB6E641809664500AB0FFE /* BackOverlay.png in Resources */ = {isa = PBXBuildFile; fileRef = 79EB6E621809664500AB0FFE /* BackOverlay.png */; };
		79EB6E651809664500AB0FFE /* BackOverlay@2x.png in Resources */ = {isa = PBXBuildFile; fileRef = 79EB6E631809664500AB0FFE /* BackOverlay@2x.png */; };
		DD8DD07E18016AF300FB2E48 /* Foundation.framework in Frameworks */ = {isa = PBXBuildFile; fileRef = DD8DD07D18016AF300FB2E48 /* Foundation.framework */; };
		DD8DD08018016AF300FB2E48 /* CoreGraphics.framework in Frameworks */ = {isa = PBXBuildFile; fileRef = DD8DD07F18016AF300FB2E48 /* CoreGraphics.framework */; };
		DD8DD08218016AF300FB2E48 /* UIKit.framework in Frameworks */ = {isa = PBXBuildFile; fileRef = DD8DD08118016AF300FB2E48 /* UIKit.framework */; };
		DD8DD08818016AF300FB2E48 /* InfoPlist.strings in Resources */ = {isa = PBXBuildFile; fileRef = DD8DD08618016AF300FB2E48 /* InfoPlist.strings */; };
		DD8DD08A18016AF300FB2E48 /* main.m in Sources */ = {isa = PBXBuildFile; fileRef = DD8DD08918016AF300FB2E48 /* main.m */; };
		DD8DD08E18016AF300FB2E48 /* AppDelegate.m in Sources */ = {isa = PBXBuildFile; fileRef = DD8DD08D18016AF300FB2E48 /* AppDelegate.m */; };
		DD8DD0AE18016C9900FB2E48 /* RootViewController.m in Sources */ = {isa = PBXBuildFile; fileRef = DD8DD0AD18016C9900FB2E48 /* RootViewController.m */; };
		DD8DD0D3180173FC00FB2E48 /* photos.plist in Resources */ = {isa = PBXBuildFile; fileRef = DD8DD0D2180173FC00FB2E48 /* photos.plist */; };
		DDF1D92D180A4F6200008653 /* Icon-60.png in Resources */ = {isa = PBXBuildFile; fileRef = DDF1D925180A4F6200008653 /* Icon-60.png */; };
		DDF1D92E180A4F6200008653 /* Icon-60@2x.png in Resources */ = {isa = PBXBuildFile; fileRef = DDF1D926180A4F6200008653 /* Icon-60@2x.png */; };
		DDF1D92F180A4F6200008653 /* Icon-72.png in Resources */ = {isa = PBXBuildFile; fileRef = DDF1D927180A4F6200008653 /* Icon-72.png */; };
		DDF1D930180A4F6200008653 /* Icon-72@2x.png in Resources */ = {isa = PBXBuildFile; fileRef = DDF1D928180A4F6200008653 /* Icon-72@2x.png */; };
		DDF1D931180A4F6200008653 /* Icon-76.png in Resources */ = {isa = PBXBuildFile; fileRef = DDF1D929180A4F6200008653 /* Icon-76.png */; };
		DDF1D932180A4F6200008653 /* Icon-76@2x.png in Resources */ = {isa = PBXBuildFile; fileRef = DDF1D92A180A4F6200008653 /* Icon-76@2x.png */; };
		DDF1D937180A4FAC00008653 /* Icon-57.png in Resources */ = {isa = PBXBuildFile; fileRef = DDF1D935180A4FAC00008653 /* Icon-57.png */; };
		DDF1D938180A4FAC00008653 /* Icon-57@2x.png in Resources */ = {isa = PBXBuildFile; fileRef = DDF1D936180A4FAC00008653 /* Icon-57@2x.png */; };
		DDF1D93B180A559000008653 /* Default.png in Resources */ = {isa = PBXBuildFile; fileRef = DDF1D939180A559000008653 /* Default.png */; };
		DDF1D93C180A559000008653 /* Default@2x.png in Resources */ = {isa = PBXBuildFile; fileRef = DDF1D93A180A559000008653 /* Default@2x.png */; };
		DDF1D93E180A55FD00008653 /* Default-568h@2x.png in Resources */ = {isa = PBXBuildFile; fileRef = DDF1D93D180A55FD00008653 /* Default-568h@2x.png */; };
		DDF1D941180A7B0300008653 /* PaperLayer.m in Sources */ = {isa = PBXBuildFile; fileRef = DDF1D940180A7B0300008653 /* PaperLayer.m */; };
		DDF1D96B180A8BD700008653 /* 0.jpg in Resources */ = {isa = PBXBuildFile; fileRef = DDF1D943180A8BD700008653 /* 0.jpg */; };
		DDF1D96C180A8BD700008653 /* 1.jpg in Resources */ = {isa = PBXBuildFile; fileRef = DDF1D944180A8BD700008653 /* 1.jpg */; };
		DDF1D96D180A8BD700008653 /* 10.jpg in Resources */ = {isa = PBXBuildFile; fileRef = DDF1D945180A8BD700008653 /* 10.jpg */; };
		DDF1D96E180A8BD700008653 /* 11.jpg in Resources */ = {isa = PBXBuildFile; fileRef = DDF1D946180A8BD700008653 /* 11.jpg */; };
		DDF1D96F180A8BD700008653 /* 12.jpg in Resources */ = {isa = PBXBuildFile; fileRef = DDF1D947180A8BD700008653 /* 12.jpg */; };
		DDF1D970180A8BD700008653 /* 13.jpg in Resources */ = {isa = PBXBuildFile; fileRef = DDF1D948180A8BD700008653 /* 13.jpg */; };
		DDF1D971180A8BD700008653 /* 14.jpg in Resources */ = {isa = PBXBuildFile; fileRef = DDF1D949180A8BD700008653 /* 14.jpg */; };
		DDF1D972180A8BD700008653 /* 15.jpg in Resources */ = {isa = PBXBuildFile; fileRef = DDF1D94A180A8BD700008653 /* 15.jpg */; };
		DDF1D973180A8BD700008653 /* 16.jpg in Resources */ = {isa = PBXBuildFile; fileRef = DDF1D94B180A8BD700008653 /* 16.jpg */; };
		DDF1D974180A8BD700008653 /* 17.jpg in Resources */ = {isa = PBXBuildFile; fileRef = DDF1D94C180A8BD700008653 /* 17.jpg */; };
		DDF1D975180A8BD700008653 /* 18.jpg in Resources */ = {isa = PBXBuildFile; fileRef = DDF1D94D180A8BD700008653 /* 18.jpg */; };
		DDF1D976180A8BD700008653 /* 19.jpg in Resources */ = {isa = PBXBuildFile; fileRef = DDF1D94E180A8BD700008653 /* 19.jpg */; };
		DDF1D977180A8BD700008653 /* 2.jpg in Resources */ = {isa = PBXBuildFile; fileRef = DDF1D94F180A8BD700008653 /* 2.jpg */; };
		DDF1D978180A8BD700008653 /* 20.jpg in Resources */ = {isa = PBXBuildFile; fileRef = DDF1D950180A8BD700008653 /* 20.jpg */; };
		DDF1D979180A8BD700008653 /* 21.jpg in Resources */ = {isa = PBXBuildFile; fileRef = DDF1D951180A8BD700008653 /* 21.jpg */; };
		DDF1D97A180A8BD700008653 /* 22.jpg in Resources */ = {isa = PBXBuildFile; fileRef = DDF1D952180A8BD700008653 /* 22.jpg */; };
		DDF1D97B180A8BD700008653 /* 23.jpg in Resources */ = {isa = PBXBuildFile; fileRef = DDF1D953180A8BD700008653 /* 23.jpg */; };
		DDF1D97C180A8BD700008653 /* 24.jpg in Resources */ = {isa = PBXBuildFile; fileRef = DDF1D954180A8BD700008653 /* 24.jpg */; };
		DDF1D97D180A8BD700008653 /* 25.jpg in Resources */ = {isa = PBXBuildFile; fileRef = DDF1D955180A8BD700008653 /* 25.jpg */; };
		DDF1D97E180A8BD700008653 /* 26.jpg in Resources */ = {isa = PBXBuildFile; fileRef = DDF1D956180A8BD700008653 /* 26.jpg */; };
		DDF1D97F180A8BD700008653 /* 27.jpg in Resources */ = {isa = PBXBuildFile; fileRef = DDF1D957180A8BD700008653 /* 27.jpg */; };
		DDF1D980180A8BD700008653 /* 28.jpg in Resources */ = {isa = PBXBuildFile; fileRef = DDF1D958180A8BD700008653 /* 28.jpg */; };
		DDF1D981180A8BD700008653 /* 29.jpg in Resources */ = {isa = PBXBuildFile; fileRef = DDF1D959180A8BD700008653 /* 29.jpg */; };
		DDF1D982180A8BD700008653 /* 3.jpg in Resources */ = {isa = PBXBuildFile; fileRef = DDF1D95A180A8BD700008653 /* 3.jpg */; };
		DDF1D983180A8BD700008653 /* 30.jpg in Resources */ = {isa = PBXBuildFile; fileRef = DDF1D95B180A8BD700008653 /* 30.jpg */; };
		DDF1D984180A8BD700008653 /* 31.jpg in Resources */ = {isa = PBXBuildFile; fileRef = DDF1D95C180A8BD700008653 /* 31.jpg */; };
		DDF1D985180A8BD700008653 /* 32.jpg in Resources */ = {isa = PBXBuildFile; fileRef = DDF1D95D180A8BD700008653 /* 32.jpg */; };
		DDF1D986180A8BD700008653 /* 33.jpg in Resources */ = {isa = PBXBuildFile; fileRef = DDF1D95E180A8BD700008653 /* 33.jpg */; };
		DDF1D987180A8BD700008653 /* 34.jpg in Resources */ = {isa = PBXBuildFile; fileRef = DDF1D95F180A8BD700008653 /* 34.jpg */; };
		DDF1D988180A8BD700008653 /* 35.jpg in Resources */ = {isa = PBXBuildFile; fileRef = DDF1D960180A8BD700008653 /* 35.jpg */; };
		DDF1D989180A8BD700008653 /* 36.jpg in Resources */ = {isa = PBXBuildFile; fileRef = DDF1D961180A8BD700008653 /* 36.jpg */; };
		DDF1D98A180A8BD700008653 /* 37.jpg in Resources */ = {isa = PBXBuildFile; fileRef = DDF1D962180A8BD700008653 /* 37.jpg */; };
		DDF1D98B180A8BD700008653 /* 38.jpg in Resources */ = {isa = PBXBuildFile; fileRef = DDF1D963180A8BD700008653 /* 38.jpg */; };
		DDF1D98C180A8BD700008653 /* 39.jpg in Resources */ = {isa = PBXBuildFile; fileRef = DDF1D964180A8BD700008653 /* 39.jpg */; };
		DDF1D98D180A8BD700008653 /* 4.jpg in Resources */ = {isa = PBXBuildFile; fileRef = DDF1D965180A8BD700008653 /* 4.jpg */; };
		DDF1D98E180A8BD700008653 /* 5.jpg in Resources */ = {isa = PBXBuildFile; fileRef = DDF1D966180A8BD700008653 /* 5.jpg */; };
		DDF1D98F180A8BD700008653 /* 6.jpg in Resources */ = {isa = PBXBuildFile; fileRef = DDF1D967180A8BD700008653 /* 6.jpg */; };
		DDF1D990180A8BD700008653 /* 7.jpg in Resources */ = {isa = PBXBuildFile; fileRef = DDF1D968180A8BD700008653 /* 7.jpg */; };
		DDF1D991180A8BD700008653 /* 8.jpg in Resources */ = {isa = PBXBuildFile; fileRef = DDF1D969180A8BD700008653 /* 8.jpg */; };
		DDF1D992180A8BD700008653 /* 9.jpg in Resources */ = {isa = PBXBuildFile; fileRef = DDF1D96A180A8BD700008653 /* 9.jpg */; };
/* End PBXBuildFile section */

/* Begin PBXFileReference section */
		79D7AD851803E25900EF7C0F /* CoreImage.framework */ = {isa = PBXFileReference; lastKnownFileType = wrapper.framework; name = CoreImage.framework; path = System/Library/Frameworks/CoreImage.framework; sourceTree = SDKROOT; };
		79D7AD871803E26D00EF7C0F /* QuartzCore.framework */ = {isa = PBXFileReference; lastKnownFileType = wrapper.framework; name = QuartzCore.framework; path = System/Library/Frameworks/QuartzCore.framework; sourceTree = SDKROOT; };
		79D7AD891803E28A00EF7C0F /* ImageIO.framework */ = {isa = PBXFileReference; lastKnownFileType = wrapper.framework; name = ImageIO.framework; path = System/Library/Frameworks/ImageIO.framework; sourceTree = SDKROOT; };
		79D7AD8D1803E29C00EF7C0F /* PaperView.h */ = {isa = PBXFileReference; fileEncoding = 4; lastKnownFileType = sourcecode.c.h; path = PaperView.h; sourceTree = "<group>"; };
		79D7AD8E1803E29C00EF7C0F /* PaperView.m */ = {isa = PBXFileReference; fileEncoding = 4; lastKnownFileType = sourcecode.c.objc; path = PaperView.m; sourceTree = "<group>"; };
		79D7AD9118041BC000EF7C0F /* CATransform3DPerspect.h */ = {isa = PBXFileReference; fileEncoding = 4; lastKnownFileType = sourcecode.c.h; path = CATransform3DPerspect.h; sourceTree = "<group>"; };
		79D7AD9218041BC000EF7C0F /* CATransform3DPerspect.m */ = {isa = PBXFileReference; fileEncoding = 4; lastKnownFileType = sourcecode.c.objc; path = CATransform3DPerspect.m; sourceTree = "<group>"; };
		79E4CF281807EAE8000D2976 /* CoverOverlay.png */ = {isa = PBXFileReference; lastKnownFileType = image.png; path = CoverOverlay.png; sourceTree = "<group>"; };
		79E4CF291807EAE8000D2976 /* CoverOverlay@2x.png */ = {isa = PBXFileReference; lastKnownFileType = image.png; path = "CoverOverlay@2x.png"; sourceTree = "<group>"; };
		79EB6E621809664500AB0FFE /* BackOverlay.png */ = {isa = PBXFileReference; lastKnownFileType = image.png; path = BackOverlay.png; sourceTree = "<group>"; };
		79EB6E631809664500AB0FFE /* BackOverlay@2x.png */ = {isa = PBXFileReference; lastKnownFileType = image.png; path = "BackOverlay@2x.png"; sourceTree = "<group>"; };
		DD8DD07A18016AF300FB2E48 /* Book.app */ = {isa = PBXFileReference; explicitFileType = wrapper.application; includeInIndex = 0; path = Book.app; sourceTree = BUILT_PRODUCTS_DIR; };
		DD8DD07D18016AF300FB2E48 /* Foundation.framework */ = {isa = PBXFileReference; lastKnownFileType = wrapper.framework; name = Foundation.framework; path = System/Library/Frameworks/Foundation.framework; sourceTree = SDKROOT; };
		DD8DD07F18016AF300FB2E48 /* CoreGraphics.framework */ = {isa = PBXFileReference; lastKnownFileType = wrapper.framework; name = CoreGraphics.framework; path = System/Library/Frameworks/CoreGraphics.framework; sourceTree = SDKROOT; };
		DD8DD08118016AF300FB2E48 /* UIKit.framework */ = {isa = PBXFileReference; lastKnownFileType = wrapper.framework; name = UIKit.framework; path = System/Library/Frameworks/UIKit.framework; sourceTree = SDKROOT; };
		DD8DD08518016AF300FB2E48 /* Book-Info.plist */ = {isa = PBXFileReference; lastKnownFileType = text.plist.xml; path = "Book-Info.plist"; sourceTree = "<group>"; };
		DD8DD08718016AF300FB2E48 /* en */ = {isa = PBXFileReference; lastKnownFileType = text.plist.strings; name = en; path = en.lproj/InfoPlist.strings; sourceTree = "<group>"; };
		DD8DD08918016AF300FB2E48 /* main.m */ = {isa = PBXFileReference; lastKnownFileType = sourcecode.c.objc; path = main.m; sourceTree = "<group>"; };
		DD8DD08B18016AF300FB2E48 /* Book-Prefix.pch */ = {isa = PBXFileReference; lastKnownFileType = sourcecode.c.h; path = "Book-Prefix.pch"; sourceTree = "<group>"; };
		DD8DD08C18016AF300FB2E48 /* AppDelegate.h */ = {isa = PBXFileReference; lastKnownFileType = sourcecode.c.h; path = AppDelegate.h; sourceTree = "<group>"; };
		DD8DD08D18016AF300FB2E48 /* AppDelegate.m */ = {isa = PBXFileReference; lastKnownFileType = sourcecode.c.objc; path = AppDelegate.m; sourceTree = "<group>"; };
		DD8DD0AC18016C9900FB2E48 /* RootViewController.h */ = {isa = PBXFileReference; fileEncoding = 4; lastKnownFileType = sourcecode.c.h; path = RootViewController.h; sourceTree = "<group>"; };
		DD8DD0AD18016C9900FB2E48 /* RootViewController.m */ = {isa = PBXFileReference; fileEncoding = 4; lastKnownFileType = sourcecode.c.objc; path = RootViewController.m; sourceTree = "<group>"; };
		DD8DD0D2180173FC00FB2E48 /* photos.plist */ = {isa = PBXFileReference; fileEncoding = 4; lastKnownFileType = text.plist.xml; path = photos.plist; sourceTree = "<group>"; };
		DDF1D925180A4F6200008653 /* Icon-60.png */ = {isa = PBXFileReference; lastKnownFileType = image.png; path = "Icon-60.png"; sourceTree = "<group>"; };
		DDF1D926180A4F6200008653 /* Icon-60@2x.png */ = {isa = PBXFileReference; lastKnownFileType = image.png; path = "Icon-60@2x.png"; sourceTree = "<group>"; };
		DDF1D927180A4F6200008653 /* Icon-72.png */ = {isa = PBXFileReference; lastKnownFileType = image.png; path = "Icon-72.png"; sourceTree = "<group>"; };
		DDF1D928180A4F6200008653 /* Icon-72@2x.png */ = {isa = PBXFileReference; lastKnownFileType = image.png; path = "Icon-72@2x.png"; sourceTree = "<group>"; };
		DDF1D929180A4F6200008653 /* Icon-76.png */ = {isa = PBXFileReference; lastKnownFileType = image.png; path = "Icon-76.png"; sourceTree = "<group>"; };
		DDF1D92A180A4F6200008653 /* Icon-76@2x.png */ = {isa = PBXFileReference; lastKnownFileType = image.png; path = "Icon-76@2x.png"; sourceTree = "<group>"; };
		DDF1D935180A4FAC00008653 /* Icon-57.png */ = {isa = PBXFileReference; lastKnownFileType = image.png; path = "Icon-57.png"; sourceTree = "<group>"; };
		DDF1D936180A4FAC00008653 /* Icon-57@2x.png */ = {isa = PBXFileReference; lastKnownFileType = image.png; path = "Icon-57@2x.png"; sourceTree = "<group>"; };
		DDF1D939180A559000008653 /* Default.png */ = {isa = PBXFileReference; lastKnownFileType = image.png; path = Default.png; sourceTree = "<group>"; };
		DDF1D93A180A559000008653 /* Default@2x.png */ = {isa = PBXFileReference; lastKnownFileType = image.png; path = "Default@2x.png"; sourceTree = "<group>"; };
		DDF1D93D180A55FD00008653 /* Default-568h@2x.png */ = {isa = PBXFileReference; lastKnownFileType = image.png; path = "Default-568h@2x.png"; sourceTree = "<group>"; };
		DDF1D93F180A7B0300008653 /* PaperLayer.h */ = {isa = PBXFileReference; fileEncoding = 4; lastKnownFileType = sourcecode.c.h; path = PaperLayer.h; sourceTree = "<group>"; };
		DDF1D940180A7B0300008653 /* PaperLayer.m */ = {isa = PBXFileReference; fileEncoding = 4; lastKnownFileType = sourcecode.c.objc; path = PaperLayer.m; sourceTree = "<group>"; };
		DDF1D943180A8BD700008653 /* 0.jpg */ = {isa = PBXFileReference; lastKnownFileType = image.jpeg; path = 0.jpg; sourceTree = "<group>"; };
		DDF1D944180A8BD700008653 /* 1.jpg */ = {isa = PBXFileReference; lastKnownFileType = image.jpeg; path = 1.jpg; sourceTree = "<group>"; };
		DDF1D945180A8BD700008653 /* 10.jpg */ = {isa = PBXFileReference; lastKnownFileType = image.jpeg; path = 10.jpg; sourceTree = "<group>"; };
		DDF1D946180A8BD700008653 /* 11.jpg */ = {isa = PBXFileReference; lastKnownFileType = image.jpeg; path = 11.jpg; sourceTree = "<group>"; };
		DDF1D947180A8BD700008653 /* 12.jpg */ = {isa = PBXFileReference; lastKnownFileType = image.jpeg; path = 12.jpg; sourceTree = "<group>"; };
		DDF1D948180A8BD700008653 /* 13.jpg */ = {isa = PBXFileReference; lastKnownFileType = image.jpeg; path = 13.jpg; sourceTree = "<group>"; };
		DDF1D949180A8BD700008653 /* 14.jpg */ = {isa = PBXFileReference; lastKnownFileType = image.jpeg; path = 14.jpg; sourceTree = "<group>"; };
		DDF1D94A180A8BD700008653 /* 15.jpg */ = {isa = PBXFileReference; lastKnownFileType = image.jpeg; path = 15.jpg; sourceTree = "<group>"; };
		DDF1D94B180A8BD700008653 /* 16.jpg */ = {isa = PBXFileReference; lastKnownFileType = image.jpeg; path = 16.jpg; sourceTree = "<group>"; };
		DDF1D94C180A8BD700008653 /* 17.jpg */ = {isa = PBXFileReference; lastKnownFileType = image.jpeg; path = 17.jpg; sourceTree = "<group>"; };
		DDF1D94D180A8BD700008653 /* 18.jpg */ = {isa = PBXFileReference; lastKnownFileType = image.jpeg; path = 18.jpg; sourceTree = "<group>"; };
		DDF1D94E180A8BD700008653 /* 19.jpg */ = {isa = PBXFileReference; lastKnownFileType = image.jpeg; path = 19.jpg; sourceTree = "<group>"; };
		DDF1D94F180A8BD700008653 /* 2.jpg */ = {isa = PBXFileReference; lastKnownFileType = image.jpeg; path = 2.jpg; sourceTree = "<group>"; };
		DDF1D950180A8BD700008653 /* 20.jpg */ = {isa = PBXFileReference; lastKnownFileType = image.jpeg; path = 20.jpg; sourceTree = "<group>"; };
		DDF1D951180A8BD700008653 /* 21.jpg */ = {isa = PBXFileReference; lastKnownFileType = image.jpeg; path = 21.jpg; sourceTree = "<group>"; };
		DDF1D952180A8BD700008653 /* 22.jpg */ = {isa = PBXFileReference; lastKnownFileType = image.jpeg; path = 22.jpg; sourceTree = "<group>"; };
		DDF1D953180A8BD700008653 /* 23.jpg */ = {isa = PBXFileReference; lastKnownFileType = image.jpeg; path = 23.jpg; sourceTree = "<group>"; };
		DDF1D954180A8BD700008653 /* 24.jpg */ = {isa = PBXFileReference; lastKnownFileType = image.jpeg; path = 24.jpg; sourceTree = "<group>"; };
		DDF1D955180A8BD700008653 /* 25.jpg */ = {isa = PBXFileReference; lastKnownFileType = image.jpeg; path = 25.jpg; sourceTree = "<group>"; };
		DDF1D956180A8BD700008653 /* 26.jpg */ = {isa = PBXFileReference; lastKnownFileType = image.jpeg; path = 26.jpg; sourceTree = "<group>"; };
		DDF1D957180A8BD700008653 /* 27.jpg */ = {isa = PBXFileReference; lastKnownFileType = image.jpeg; path = 27.jpg; sourceTree = "<group>"; };
		DDF1D958180A8BD700008653 /* 28.jpg */ = {isa = PBXFileReference; lastKnownFileType = image.jpeg; path = 28.jpg; sourceTree = "<group>"; };
		DDF1D959180A8BD700008653 /* 29.jpg */ = {isa = PBXFileReference; lastKnownFileType = image.jpeg; path = 29.jpg; sourceTree = "<group>"; };
		DDF1D95A180A8BD700008653 /* 3.jpg */ = {isa = PBXFileReference; lastKnownFileType = image.jpeg; path = 3.jpg; sourceTree = "<group>"; };
		DDF1D95B180A8BD700008653 /* 30.jpg */ = {isa = PBXFileReference; lastKnownFileType = image.jpeg; path = 30.jpg; sourceTree = "<group>"; };
		DDF1D95C180A8BD700008653 /* 31.jpg */ = {isa = PBXFileReference; lastKnownFileType = image.jpeg; path = 31.jpg; sourceTree = "<group>"; };
		DDF1D95D180A8BD700008653 /* 32.jpg */ = {isa = PBXFileReference; lastKnownFileType = image.jpeg; path = 32.jpg; sourceTree = "<group>"; };
		DDF1D95E180A8BD700008653 /* 33.jpg */ = {isa = PBXFileReference; lastKnownFileType = image.jpeg; path = 33.jpg; sourceTree = "<group>"; };
		DDF1D95F180A8BD700008653 /* 34.jpg */ = {isa = PBXFileReference; lastKnownFileType = image.jpeg; path = 34.jpg; sourceTree = "<group>"; };
		DDF1D960180A8BD700008653 /* 35.jpg */ = {isa = PBXFileReference; lastKnownFileType = image.jpeg; path = 35.jpg; sourceTree = "<group>"; };
		DDF1D961180A8BD700008653 /* 36.jpg */ = {isa = PBXFileReference; lastKnownFileType = image.jpeg; path = 36.jpg; sourceTree = "<group>"; };
		DDF1D962180A8BD700008653 /* 37.jpg */ = {isa = PBXFileReference; lastKnownFileType = image.jpeg; path = 37.jpg; sourceTree = "<group>"; };
		DDF1D963180A8BD700008653 /* 38.jpg */ = {isa = PBXFileReference; lastKnownFileType = image.jpeg; path = 38.jpg; sourceTree = "<group>"; };
		DDF1D964180A8BD700008653 /* 39.jpg */ = {isa = PBXFileReference; lastKnownFileType = image.jpeg; path = 39.jpg; sourceTree = "<group>"; };
		DDF1D965180A8BD700008653 /* 4.jpg */ = {isa = PBXFileReference; lastKnownFileType = image.jpeg; path = 4.jpg; sourceTree = "<group>"; };
		DDF1D966180A8BD700008653 /* 5.jpg */ = {isa = PBXFileReference; lastKnownFileType = image.jpeg; path = 5.jpg; sourceTree = "<group>"; };
		DDF1D967180A8BD700008653 /* 6.jpg */ = {isa = PBXFileReference; lastKnownFileType = image.jpeg; path = 6.jpg; sourceTree = "<group>"; };
		DDF1D968180A8BD700008653 /* 7.jpg */ = {isa = PBXFileReference; lastKnownFileType = image.jpeg; path = 7.jpg; sourceTree = "<group>"; };
		DDF1D969180A8BD700008653 /* 8.jpg */ = {isa = PBXFileReference; lastKnownFileType = image.jpeg; path = 8.jpg; sourceTree = "<group>"; };
		DDF1D96A180A8BD700008653 /* 9.jpg */ = {isa = PBXFileReference; lastKnownFileType = image.jpeg; path = 9.jpg; sourceTree = "<group>"; };
/* End PBXFileReference section */

/* Begin PBXFrameworksBuildPhase section */
		DD8DD07718016AF300FB2E48 /* Frameworks */ = {
			isa = PBXFrameworksBuildPhase;
			buildActionMask = 2147483647;
			files = (
				79D7AD8A1803E28A00EF7C0F /* ImageIO.framework in Frameworks */,
				79D7AD881803E26D00EF7C0F /* QuartzCore.framework in Frameworks */,
				79D7AD861803E25900EF7C0F /* CoreImage.framework in Frameworks */,
				DD8DD08018016AF300FB2E48 /* CoreGraphics.framework in Frameworks */,
				DD8DD08218016AF300FB2E48 /* UIKit.framework in Frameworks */,
				DD8DD07E18016AF300FB2E48 /* Foundation.framework in Frameworks */,
			);
			runOnlyForDeploymentPostprocessing = 0;
		};
/* End PBXFrameworksBuildPhase section */

/* Begin PBXGroup section */
		DD8DD07118016AF300FB2E48 = {
			isa = PBXGroup;
			children = (
				DD8DD08318016AF300FB2E48 /* Book */,
				DD8DD07C18016AF300FB2E48 /* Frameworks */,
				DD8DD07B18016AF300FB2E48 /* Products */,
			);
			sourceTree = "<group>";
		};
		DD8DD07B18016AF300FB2E48 /* Products */ = {
			isa = PBXGroup;
			children = (
				DD8DD07A18016AF300FB2E48 /* Book.app */,
			);
			name = Products;
			sourceTree = "<group>";
		};
		DD8DD07C18016AF300FB2E48 /* Frameworks */ = {
			isa = PBXGroup;
			children = (
				79D7AD891803E28A00EF7C0F /* ImageIO.framework */,
				79D7AD871803E26D00EF7C0F /* QuartzCore.framework */,
				79D7AD851803E25900EF7C0F /* CoreImage.framework */,
				DD8DD07D18016AF300FB2E48 /* Foundation.framework */,
				DD8DD07F18016AF300FB2E48 /* CoreGraphics.framework */,
				DD8DD08118016AF300FB2E48 /* UIKit.framework */,
			);
			name = Frameworks;
			sourceTree = "<group>";
		};
		DD8DD08318016AF300FB2E48 /* Book */ = {
			isa = PBXGroup;
			children = (
				DD8DD08C18016AF300FB2E48 /* AppDelegate.h */,
				DD8DD08D18016AF300FB2E48 /* AppDelegate.m */,
				DD8DD0AC18016C9900FB2E48 /* RootViewController.h */,
				DD8DD0AD18016C9900FB2E48 /* RootViewController.m */,
				DDF1D93F180A7B0300008653 /* PaperLayer.h */,
				DDF1D940180A7B0300008653 /* PaperLayer.m */,
				79D7AD8D1803E29C00EF7C0F /* PaperView.h */,
				79D7AD8E1803E29C00EF7C0F /* PaperView.m */,
				79D7AD9118041BC000EF7C0F /* CATransform3DPerspect.h */,
				79D7AD9218041BC000EF7C0F /* CATransform3DPerspect.m */,
				DD8DD08418016AF300FB2E48 /* Supporting Files */,
			);
			path = Book;
			sourceTree = "<group>";
		};
		DD8DD08418016AF300FB2E48 /* Supporting Files */ = {
			isa = PBXGroup;
			children = (
				DDF1D942180A8BD700008653 /* Photos */,
				DDF1D93D180A55FD00008653 /* Default-568h@2x.png */,
				DDF1D939180A559000008653 /* Default.png */,
				DDF1D93A180A559000008653 /* Default@2x.png */,
				DDF1D935180A4FAC00008653 /* Icon-57.png */,
				DDF1D936180A4FAC00008653 /* Icon-57@2x.png */,
				DDF1D925180A4F6200008653 /* Icon-60.png */,
				DDF1D926180A4F6200008653 /* Icon-60@2x.png */,
				DDF1D927180A4F6200008653 /* Icon-72.png */,
				DDF1D928180A4F6200008653 /* Icon-72@2x.png */,
				DDF1D929180A4F6200008653 /* Icon-76.png */,
				DDF1D92A180A4F6200008653 /* Icon-76@2x.png */,
				79EB6E621809664500AB0FFE /* BackOverlay.png */,
				79EB6E631809664500AB0FFE /* BackOverlay@2x.png */,
				79E4CF281807EAE8000D2976 /* CoverOverlay.png */,
				79E4CF291807EAE8000D2976 /* CoverOverlay@2x.png */,
				DD8DD08518016AF300FB2E48 /* Book-Info.plist */,
				DD8DD08618016AF300FB2E48 /* InfoPlist.strings */,
				DD8DD08918016AF300FB2E48 /* main.m */,
				DD8DD08B18016AF300FB2E48 /* Book-Prefix.pch */,
				DD8DD0D2180173FC00FB2E48 /* photos.plist */,
			);
			name = "Supporting Files";
			sourceTree = "<group>";
		};
		DDF1D942180A8BD700008653 /* Photos */ = {
			isa = PBXGroup;
			children = (
				DDF1D943180A8BD700008653 /* 0.jpg */,
				DDF1D944180A8BD700008653 /* 1.jpg */,
				DDF1D945180A8BD700008653 /* 10.jpg */,
				DDF1D946180A8BD700008653 /* 11.jpg */,
				DDF1D947180A8BD700008653 /* 12.jpg */,
				DDF1D948180A8BD700008653 /* 13.jpg */,
				DDF1D949180A8BD700008653 /* 14.jpg */,
				DDF1D94A180A8BD700008653 /* 15.jpg */,
				DDF1D94B180A8BD700008653 /* 16.jpg */,
				DDF1D94C180A8BD700008653 /* 17.jpg */,
				DDF1D94D180A8BD700008653 /* 18.jpg */,
				DDF1D94E180A8BD700008653 /* 19.jpg */,
				DDF1D94F180A8BD700008653 /* 2.jpg */,
				DDF1D950180A8BD700008653 /* 20.jpg */,
				DDF1D951180A8BD700008653 /* 21.jpg */,
				DDF1D952180A8BD700008653 /* 22.jpg */,
				DDF1D953180A8BD700008653 /* 23.jpg */,
				DDF1D954180A8BD700008653 /* 24.jpg */,
				DDF1D955180A8BD700008653 /* 25.jpg */,
				DDF1D956180A8BD700008653 /* 26.jpg */,
				DDF1D957180A8BD700008653 /* 27.jpg */,
				DDF1D958180A8BD700008653 /* 28.jpg */,
				DDF1D959180A8BD700008653 /* 29.jpg */,
				DDF1D95A180A8BD700008653 /* 3.jpg */,
				DDF1D95B180A8BD700008653 /* 30.jpg */,
				DDF1D95C180A8BD700008653 /* 31.jpg */,
				DDF1D95D180A8BD700008653 /* 32.jpg */,
				DDF1D95E180A8BD700008653 /* 33.jpg */,
				DDF1D95F180A8BD700008653 /* 34.jpg */,
				DDF1D960180A8BD700008653 /* 35.jpg */,
				DDF1D961180A8BD700008653 /* 36.jpg */,
				DDF1D962180A8BD700008653 /* 37.jpg */,
				DDF1D963180A8BD700008653 /* 38.jpg */,
				DDF1D964180A8BD700008653 /* 39.jpg */,
				DDF1D965180A8BD700008653 /* 4.jpg */,
				DDF1D966180A8BD700008653 /* 5.jpg */,
				DDF1D967180A8BD700008653 /* 6.jpg */,
				DDF1D968180A8BD700008653 /* 7.jpg */,
				DDF1D969180A8BD700008653 /* 8.jpg */,
				DDF1D96A180A8BD700008653 /* 9.jpg */,
			);
			path = Photos;
			sourceTree = "<group>";
		};
/* End PBXGroup section */

/* Begin PBXNativeTarget section */
		DD8DD07918016AF300FB2E48 /* Book */ = {
			isa = PBXNativeTarget;
			buildConfigurationList = DD8DD0A618016AF300FB2E48 /* Build configuration list for PBXNativeTarget "Book" */;
			buildPhases = (
				DD8DD07618016AF300FB2E48 /* Sources */,
				DD8DD07718016AF300FB2E48 /* Frameworks */,
				DD8DD07818016AF300FB2E48 /* Resources */,
			);
			buildRules = (
			);
			dependencies = (
			);
			name = Book;
			productName = Book;
			productReference = DD8DD07A18016AF300FB2E48 /* Book.app */;
			productType = "com.apple.product-type.application";
		};
/* End PBXNativeTarget section */

/* Begin PBXProject section */
		DD8DD07218016AF300FB2E48 /* Project object */ = {
			isa = PBXProject;
			attributes = {
				LastUpgradeCheck = 0500;
				ORGANIZATIONNAME = Dawn;
				TargetAttributes = {
					DD8DD07918016AF300FB2E48 = {
						DevelopmentTeam = MKH5M3L4N2;
					};
				};
			};
			buildConfigurationList = DD8DD07518016AF300FB2E48 /* Build configuration list for PBXProject "Book" */;
			compatibilityVersion = "Xcode 3.2";
			developmentRegion = English;
			hasScannedForEncodings = 0;
			knownRegions = (
				en,
			);
			mainGroup = DD8DD07118016AF300FB2E48;
			productRefGroup = DD8DD07B18016AF300FB2E48 /* Products */;
			projectDirPath = "";
			projectRoot = "";
			targets = (
				DD8DD07918016AF300FB2E48 /* Book */,
			);
		};
/* End PBXProject section */

/* Begin PBXResourcesBuildPhase section */
		DD8DD07818016AF300FB2E48 /* Resources */ = {
			isa = PBXResourcesBuildPhase;
			buildActionMask = 2147483647;
			files = (
				DDF1D98F180A8BD700008653 /* 6.jpg in Resources */,
				DDF1D986180A8BD700008653 /* 33.jpg in Resources */,
				DDF1D981180A8BD700008653 /* 29.jpg in Resources */,
				DDF1D984180A8BD700008653 /* 31.jpg in Resources */,
				DDF1D980180A8BD700008653 /* 28.jpg in Resources */,
				DDF1D973180A8BD700008653 /* 16.jpg in Resources */,
				DDF1D978180A8BD700008653 /* 20.jpg in Resources */,
				DDF1D972180A8BD700008653 /* 15.jpg in Resources */,
				DDF1D985180A8BD700008653 /* 32.jpg in Resources */,
				DDF1D96B180A8BD700008653 /* 0.jpg in Resources */,
				DDF1D983180A8BD700008653 /* 30.jpg in Resources */,
				DDF1D96C180A8BD700008653 /* 1.jpg in Resources */,
				DDF1D93C180A559000008653 /* Default@2x.png in Resources */,
				DDF1D98D180A8BD700008653 /* 4.jpg in Resources */,
				DDF1D98E180A8BD700008653 /* 5.jpg in Resources */,
				DD8DD0D3180173FC00FB2E48 /* photos.plist in Resources */,
				DDF1D974180A8BD700008653 /* 17.jpg in Resources */,
				DDF1D92F180A4F6200008653 /* Icon-72.png in Resources */,
				DD8DD08818016AF300FB2E48 /* InfoPlist.strings in Resources */,
				DDF1D932180A4F6200008653 /* Icon-76@2x.png in Resources */,
				DDF1D991180A8BD700008653 /* 8.jpg in Resources */,
				DDF1D97E180A8BD700008653 /* 26.jpg in Resources */,
				DDF1D98C180A8BD700008653 /* 39.jpg in Resources */,
				DDF1D990180A8BD700008653 /* 7.jpg in Resources */,
				DDF1D97F180A8BD700008653 /* 27.jpg in Resources */,
				DDF1D93B180A559000008653 /* Default.png in Resources */,
				DDF1D98A180A8BD700008653 /* 37.jpg in Resources */,
				DDF1D992180A8BD700008653 /* 9.jpg in Resources */,
				DDF1D97D180A8BD700008653 /* 25.jpg in Resources */,
				DDF1D96F180A8BD700008653 /* 12.jpg in Resources */,
				DDF1D977180A8BD700008653 /* 2.jpg in Resources */,
				DDF1D937180A4FAC00008653 /* Icon-57.png in Resources */,
				DDF1D92D180A4F6200008653 /* Icon-60.png in Resources */,
				DDF1D96D180A8BD700008653 /* 10.jpg in Resources */,
				DDF1D93E180A55FD00008653 /* Default-568h@2x.png in Resources */,
				DDF1D97A180A8BD700008653 /* 22.jpg in Resources */,
				DDF1D96E180A8BD700008653 /* 11.jpg in Resources */,
				DDF1D98B180A8BD700008653 /* 38.jpg in Resources */,
				DDF1D970180A8BD700008653 /* 13.jpg in Resources */,
				DDF1D989180A8BD700008653 /* 36.jpg in Resources */,
				DDF1D976180A8BD700008653 /* 19.jpg in Resources */,
				DDF1D931180A4F6200008653 /* Icon-76.png in Resources */,
				DDF1D982180A8BD700008653 /* 3.jpg in Resources */,
				DDF1D988180A8BD700008653 /* 35.jpg in Resources */,
				79E4CF2A1807EAE8000D2976 /* CoverOverlay.png in Resources */,
				DDF1D92E180A4F6200008653 /* Icon-60@2x.png in Resources */,
				DDF1D979180A8BD700008653 /* 21.jpg in Resources */,
				DDF1D971180A8BD700008653 /* 14.jpg in Resources */,
				DDF1D938180A4FAC00008653 /* Icon-57@2x.png in Resources */,
				DDF1D97B180A8BD700008653 /* 23.jpg in Resources */,
				79E4CF2B1807EAE8000D2976 /* CoverOverlay@2x.png in Resources */,
				DDF1D97C180A8BD700008653 /* 24.jpg in Resources */,
				79EB6E641809664500AB0FFE /* BackOverlay.png in Resources */,
				79EB6E651809664500AB0FFE /* BackOverlay@2x.png in Resources */,
				DDF1D975180A8BD700008653 /* 18.jpg in Resources */,
				DDF1D987180A8BD700008653 /* 34.jpg in Resources */,
				DDF1D930180A4F6200008653 /* Icon-72@2x.png in Resources */,
			);
			runOnlyForDeploymentPostprocessing = 0;
		};
/* End PBXResourcesBuildPhase section */

/* Begin PBXSourcesBuildPhase section */
		DD8DD07618016AF300FB2E48 /* Sources */ = {
			isa = PBXSourcesBuildPhase;
			buildActionMask = 2147483647;
			files = (
				DD8DD08E18016AF300FB2E48 /* AppDelegate.m in Sources */,
				DD8DD08A18016AF300FB2E48 /* main.m in Sources */,
				DD8DD0AE18016C9900FB2E48 /* RootViewController.m in Sources */,
				DDF1D941180A7B0300008653 /* PaperLayer.m in Sources */,
				79D7AD901803E29C00EF7C0F /* PaperView.m in Sources */,
				79D7AD9318041BC000EF7C0F /* CATransform3DPerspect.m in Sources */,
			);
			runOnlyForDeploymentPostprocessing = 0;
		};
/* End PBXSourcesBuildPhase section */

/* Begin PBXVariantGroup section */
		DD8DD08618016AF300FB2E48 /* InfoPlist.strings */ = {
			isa = PBXVariantGroup;
			children = (
				DD8DD08718016AF300FB2E48 /* en */,
			);
			name = InfoPlist.strings;
			sourceTree = "<group>";
		};
/* End PBXVariantGroup section */

/* Begin XCBuildConfiguration section */
		DD8DD0A418016AF300FB2E48 /* Debug */ = {
			isa = XCBuildConfiguration;
			buildSettings = {
				ALWAYS_SEARCH_USER_PATHS = NO;
				ARCHS = "$(ARCHS_STANDARD_32_BIT)";
				CLANG_CXX_LANGUAGE_STANDARD = "gnu++0x";
				CLANG_CXX_LIBRARY = "libc++";
				CLANG_ENABLE_MODULES = YES;
				CLANG_ENABLE_OBJC_ARC = NO;
				CLANG_WARN_BOOL_CONVERSION = YES;
				CLANG_WARN_CONSTANT_CONVERSION = YES;
				CLANG_WARN_DIRECT_OBJC_ISA_USAGE = YES_ERROR;
				CLANG_WARN_EMPTY_BODY = YES;
				CLANG_WARN_ENUM_CONVERSION = YES;
				CLANG_WARN_INT_CONVERSION = YES;
				CLANG_WARN_OBJC_ROOT_CLASS = YES_ERROR;
				CLANG_WARN__DUPLICATE_METHOD_MATCH = YES;
				CODE_SIGN_IDENTITY = "iPhone Developer: wesley shen (A9R7H99R6W)";
				"CODE_SIGN_IDENTITY[sdk=iphoneos*]" = "iPhone Developer";
				COPY_PHASE_STRIP = NO;
				GCC_C_LANGUAGE_STANDARD = gnu99;
				GCC_DYNAMIC_NO_PIC = NO;
				GCC_OPTIMIZATION_LEVEL = 0;
				GCC_PREPROCESSOR_DEFINITIONS = (
					"DEBUG=1",
					"$(inherited)",
				);
				GCC_SYMBOLS_PRIVATE_EXTERN = NO;
				GCC_WARN_64_TO_32_BIT_CONVERSION = YES;
				GCC_WARN_ABOUT_RETURN_TYPE = YES_ERROR;
				GCC_WARN_UNDECLARED_SELECTOR = YES;
				GCC_WARN_UNINITIALIZED_AUTOS = YES;
				GCC_WARN_UNUSED_FUNCTION = YES;
				GCC_WARN_UNUSED_VARIABLE = YES;
				IPHONEOS_DEPLOYMENT_TARGET = 4.3;
				ONLY_ACTIVE_ARCH = YES;
				PROVISIONING_PROFILE = "318B9697-1C99-48D9-9777-DE3DDF8089D1";
				SDKROOT = iphoneos;
				TARGETED_DEVICE_FAMILY = "1,2";
				VALID_ARCHS = "armv7 armv7s";
			};
			name = Debug;
		};
		DD8DD0A518016AF300FB2E48 /* Release */ = {
			isa = XCBuildConfiguration;
			buildSettings = {
				ALWAYS_SEARCH_USER_PATHS = NO;
				ARCHS = "$(ARCHS_STANDARD_32_BIT)";
				CLANG_CXX_LANGUAGE_STANDARD = "gnu++0x";
				CLANG_CXX_LIBRARY = "libc++";
				CLANG_ENABLE_MODULES = YES;
				CLANG_ENABLE_OBJC_ARC = NO;
				CLANG_WARN_BOOL_CONVERSION = YES;
				CLANG_WARN_CONSTANT_CONVERSION = YES;
				CLANG_WARN_DIRECT_OBJC_ISA_USAGE = YES_ERROR;
				CLANG_WARN_EMPTY_BODY = YES;
				CLANG_WARN_ENUM_CONVERSION = YES;
				CLANG_WARN_INT_CONVERSION = YES;
				CLANG_WARN_OBJC_ROOT_CLASS = YES_ERROR;
				CLANG_WARN__DUPLICATE_METHOD_MATCH = YES;
				CODE_SIGN_IDENTITY = "iPhone Developer: wesley shen (A9R7H99R6W)";
				"CODE_SIGN_IDENTITY[sdk=iphoneos*]" = "iPhone Developer";
				COPY_PHASE_STRIP = YES;
				ENABLE_NS_ASSERTIONS = NO;
				GCC_C_LANGUAGE_STANDARD = gnu99;
				GCC_WARN_64_TO_32_BIT_CONVERSION = YES;
				GCC_WARN_ABOUT_RETURN_TYPE = YES_ERROR;
				GCC_WARN_UNDECLARED_SELECTOR = YES;
				GCC_WARN_UNINITIALIZED_AUTOS = YES;
				GCC_WARN_UNUSED_FUNCTION = YES;
				GCC_WARN_UNUSED_VARIABLE = YES;
				IPHONEOS_DEPLOYMENT_TARGET = 4.3;
				PROVISIONING_PROFILE = "318B9697-1C99-48D9-9777-DE3DDF8089D1";
				SDKROOT = iphoneos;
				TARGETED_DEVICE_FAMILY = "1,2";
				VALIDATE_PRODUCT = YES;
				VALID_ARCHS = "armv7 armv7s";
			};
			name = Release;
		};
		DD8DD0A718016AF300FB2E48 /* Debug */ = {
			isa = XCBuildConfiguration;
			buildSettings = {
				ARCHS = "$(ARCHS_STANDARD_32_BIT)";
				CODE_SIGN_IDENTITY = "iPhone Developer";
				"CODE_SIGN_IDENTITY[sdk=iphoneos*]" = "iPhone Developer";
				GCC_PRECOMPILE_PREFIX_HEADER = YES;
				GCC_PREFIX_HEADER = "Book/Book-Prefix.pch";
				INFOPLIST_FILE = "Book/Book-Info.plist";
				PRODUCT_NAME = "$(TARGET_NAME)";
				PROVISIONING_PROFILE = "";
				WRAPPER_EXTENSION = app;
			};
			name = Debug;
		};
		DD8DD0A818016AF300FB2E48 /* Release */ = {
			isa = XCBuildConfiguration;
			buildSettings = {
				ARCHS = "$(ARCHS_STANDARD_32_BIT)";
				CODE_SIGN_IDENTITY = "iPhone Developer";
				"CODE_SIGN_IDENTITY[sdk=iphoneos*]" = "iPhone Developer";
				GCC_PRECOMPILE_PREFIX_HEADER = YES;
				GCC_PREFIX_HEADER = "Book/Book-Prefix.pch";
				INFOPLIST_FILE = "Book/Book-Info.plist";
				PRODUCT_NAME = "$(TARGET_NAME)";
				PROVISIONING_PROFILE = "";
				WRAPPER_EXTENSION = app;
			};
			name = Release;
		};
/* End XCBuildConfiguration section */

/* Begin XCConfigurationList section */
		DD8DD07518016AF300FB2E48 /* Build configuration list for PBXProject "Book" */ = {
			isa = XCConfigurationList;
			buildConfigurations = (
				DD8DD0A418016AF300FB2E48 /* Debug */,
				DD8DD0A518016AF300FB2E48 /* Release */,
			);
			defaultConfigurationIsVisible = 0;
			defaultConfigurationName = Release;
		};
		DD8DD0A618016AF300FB2E48 /* Build configuration list for PBXNativeTarget "Book" */ = {
			isa = XCConfigurationList;
			buildConfigurations = (
				DD8DD0A718016AF300FB2E48 /* Debug */,
				DD8DD0A818016AF300FB2E48 /* Release */,
			);
			defaultConfigurationIsVisible = 0;
			defaultConfigurationName = Release;
		};
/* End XCConfigurationList section */
	};
	rootObject = DD8DD07218016AF300FB2E48 /* Project object */;
}
